<?xml version="1.0" encoding="utf-8"?>
<Project ToolsVersion="4.0" xmlns="http://schemas.microsoft.com/developer/msbuild/2003">
  <ItemGroup>
    <Filter Include="Source Files">
      <UniqueIdentifier>{4FC737F1-C7A5-4376-A066-2A32D752A2FF}</UniqueIdentifier>
      <Extensions>cpp;c;cc;cxx;c++;cppm;ixx;def;odl;idl;hpj;bat;asm;asmx</Extensions>
    </Filter>
    <Filter Include="Header Files">
      <UniqueIdentifier>{93995380-89BD-4b04-88EB-625FBE52EBFB}</UniqueIdentifier>
      <Extensions>h;hh;hpp;hxx;h++;hm;inl;inc;ipp;xsd</Extensions>
    </Filter>
    <Filter Include="Resource Files">
      <UniqueIdentifier>{67DA6AB6-F800-4c08-8B7A-83BB121AAD01}</UniqueIdentifier>
      <Extensions>rc;ico;cur;bmp;dlg;rc2;rct;bin;rgs;gif;jpg;jpeg;jpe;resx;tiff;tif;png;wav;mfcribbon-ms</Extensions>
    </Filter>
    <Filter Include="Header Files\Utils">
      <UniqueIdentifier>{e2f9552f-cb98-488c-b714-f6af39a9b526}</UniqueIdentifier>
    </Filter>
    <Filter Include="Header Files\weird-engine">
      <UniqueIdentifier>{bde228ff-ce58-4611-99bf-8add91800f21}</UniqueIdentifier>
    </Filter>
    <Filter Include="Header Files\weird-renderer">
      <UniqueIdentifier>{79cc4de2-bd01-4366-8a48-e0011e60ea2c}</UniqueIdentifier>
    </Filter>
    <Filter Include="Header Files\weird-physics">
      <UniqueIdentifier>{41a63b34-52d5-40da-b0e4-5be7d59c60a7}</UniqueIdentifier>
    </Filter>
    <Filter Include="Source Files\weird-renderer">
      <UniqueIdentifier>{a6607c47-3dc6-45a5-abc4-c6a32494f0fb}</UniqueIdentifier>
    </Filter>
    <Filter Include="Source Files\weird-physics">
      <UniqueIdentifier>{7d234a38-325d-4143-b87e-07ac37fb7b59}</UniqueIdentifier>
    </Filter>
    <Filter Include="Source Files\weird-engine">
      <UniqueIdentifier>{5a77e831-d24d-4d17-894b-f766a5a44780}</UniqueIdentifier>
    </Filter>
    <Filter Include="Source Files\weird-renderer\Shaders">
      <UniqueIdentifier>{82af6b05-1790-4b94-bb50-a5d1cb6484a7}</UniqueIdentifier>
    </Filter>
    <Filter Include="Header Files\weird-engine\SampleScenes">
      <UniqueIdentifier>{253c166b-155f-4c2c-8794-caa764b41873}</UniqueIdentifier>
    </Filter>
    <Filter Include="Header Files\weird-engine\ECS">
      <UniqueIdentifier>{3d615b5c-7124-428a-9db3-513c73634272}</UniqueIdentifier>
    </Filter>
    <Filter Include="Header Files\weird-engine\ECS\Components">
      <UniqueIdentifier>{1333b08b-291e-47c0-9d56-641fc2f1691c}</UniqueIdentifier>
    </Filter>
    <Filter Include="Header Files\weird-engine\ECS\Systems">
      <UniqueIdentifier>{0299a4b8-57c4-4d1c-b8bc-471a1b273f88}</UniqueIdentifier>
    </Filter>
  </ItemGroup>
  <ItemGroup>
    <ClCompile Include="src\main.cpp">
      <Filter>Source Files</Filter>
    </ClCompile>
    <ClCompile Include="src\Utils.h">
      <Filter>Header Files\weird-renderer</Filter>
    </ClCompile>
    <ClCompile Include="src\weird-renderer\Camera.cpp">
      <Filter>Source Files\weird-renderer</Filter>
    </ClCompile>
    <ClCompile Include="src\weird-renderer\EBO.cpp">
      <Filter>Source Files\weird-renderer</Filter>
    </ClCompile>
    <ClCompile Include="src\weird-renderer\glad.c">
      <Filter>Source Files\weird-renderer</Filter>
    </ClCompile>
    <ClCompile Include="src\weird-renderer\Mesh.cpp">
      <Filter>Source Files\weird-renderer</Filter>
    </ClCompile>
    <ClCompile Include="src\weird-renderer\RenderPlane.cpp">
      <Filter>Source Files\weird-renderer</Filter>
    </ClCompile>
    <ClCompile Include="src\weird-renderer\Shader.cpp">
      <Filter>Source Files\weird-renderer</Filter>
    </ClCompile>
    <ClCompile Include="src\weird-renderer\stb.cpp">
      <Filter>Source Files\weird-renderer</Filter>
    </ClCompile>
    <ClCompile Include="src\weird-renderer\Texture.cpp">
      <Filter>Source Files\weird-renderer</Filter>
    </ClCompile>
    <ClCompile Include="src\weird-renderer\VAO.cpp">
      <Filter>Source Files\weird-renderer</Filter>
    </ClCompile>
    <ClCompile Include="src\weird-renderer\VBO.cpp">
      <Filter>Source Files\weird-renderer</Filter>
    </ClCompile>
    <ClCompile Include="src\weird-engine\Scene.cpp">
      <Filter>Source Files\weird-engine</Filter>
    </ClCompile>
    <ClCompile Include="src\weird-physics\Simulation.cpp">
      <Filter>Source Files\weird-physics</Filter>
    </ClCompile>
    <ClCompile Include="src\weird-renderer\Renderer.cpp">
      <Filter>Source Files\weird-renderer</Filter>
    </ClCompile>
    <ClCompile Include="src\weird-engine\Input.cpp">
      <Filter>Source Files\weird-engine</Filter>
    </ClCompile>
    <ClCompile Include="src\weird-engine\ResourceManager.cpp">
      <Filter>Source Files\weird-engine</Filter>
    </ClCompile>
    <ClCompile Include="src\weird-engine\SceneManager.cpp">
      <Filter>Source Files\weird-engine</Filter>
    </ClCompile>
    <ClCompile Include="src\weird-physics\CollisionDetection\SpatialHash.h">
      <Filter>Source Files</Filter>
    </ClCompile>
    <ClCompile Include="src\weird-physics\Simulation2D.cpp">
      <Filter>Source Files</Filter>
    </ClCompile>
  </ItemGroup>
  <ItemGroup>
    <ClInclude Include="src\weird-engine\Scene.h">
      <Filter>Header Files\weird-engine</Filter>
    </ClInclude>
    <ClInclude Include="src\weird-renderer\VBO.h">
      <Filter>Header Files\weird-renderer</Filter>
    </ClInclude>
    <ClInclude Include="src\weird-renderer\Camera.h">
      <Filter>Header Files\weird-renderer</Filter>
    </ClInclude>
    <ClInclude Include="src\weird-renderer\EBO.h">
      <Filter>Header Files\weird-renderer</Filter>
    </ClInclude>
    <ClInclude Include="src\weird-renderer\Mesh.h">
      <Filter>Header Files\weird-renderer</Filter>
    </ClInclude>
    <ClInclude Include="src\weird-renderer\RenderPlane.h">
      <Filter>Header Files\weird-renderer</Filter>
    </ClInclude>
    <ClInclude Include="src\weird-renderer\Shader.h">
      <Filter>Header Files\weird-renderer</Filter>
    </ClInclude>
    <ClInclude Include="src\weird-renderer\Shape.h">
      <Filter>Header Files\weird-renderer</Filter>
    </ClInclude>
    <ClInclude Include="src\weird-renderer\Texture.h">
      <Filter>Header Files\weird-renderer</Filter>
    </ClInclude>
    <ClInclude Include="src\weird-renderer\VAO.h">
      <Filter>Header Files\weird-renderer</Filter>
    </ClInclude>
    <ClInclude Include="src\weird-physics\Simulation.h">
      <Filter>Header Files\weird-physics</Filter>
    </ClInclude>
    <ClInclude Include="src\weird-renderer\Renderer.h">
      <Filter>Header Files\weird-renderer</Filter>
    </ClInclude>
    <ClInclude Include="src\weird-engine\Input.h">
      <Filter>Header Files\weird-engine</Filter>
    </ClInclude>
    <ClInclude Include="src\weird-renderer\Light.h">
      <Filter>Header Files\weird-renderer</Filter>
    </ClInclude>
    <ClInclude Include="src\weird-engine\ecs\ComponentManager.h">
      <Filter>Header Files\weird-engine\ECS</Filter>
    </ClInclude>
    <ClInclude Include="src\weird-engine\ecs\Components\InstancedMeshRenderer.h">
      <Filter>Header Files\weird-engine\ECS\Components</Filter>
    </ClInclude>
    <ClInclude Include="src\weird-engine\ecs\Components\RigidBody.h">
      <Filter>Header Files\weird-engine\ECS\Components</Filter>
    </ClInclude>
    <ClInclude Include="src\weird-engine\ecs\Components\MeshRenderer.h">
      <Filter>Header Files\weird-engine\ECS\Components</Filter>
    </ClInclude>
    <ClInclude Include="src\weird-engine\ecs\Components\Transform.h">
      <Filter>Header Files\weird-engine\ECS\Components</Filter>
    </ClInclude>
    <ClInclude Include="src\weird-engine\ecs\Component.h">
      <Filter>Header Files\weird-engine\ECS</Filter>
    </ClInclude>
    <ClInclude Include="src\weird-engine\ecs\Entity.h">
      <Filter>Header Files\weird-engine\ECS</Filter>
    </ClInclude>
    <ClInclude Include="src\weird-engine\ecs\ECS.h">
      <Filter>Header Files\weird-engine\ECS</Filter>
    </ClInclude>
    <ClInclude Include="src\weird-engine\ecs\Components\SDFRenderer.h">
      <Filter>Header Files\weird-engine\ECS\Components</Filter>
    </ClInclude>
    <ClInclude Include="src\weird-engine\ecs\Systems\InstancedRenderSystem.h">
      <Filter>Header Files\weird-engine\ECS\Systems</Filter>
    </ClInclude>
    <ClInclude Include="src\weird-engine\ecs\Systems\RenderSystem.h">
      <Filter>Header Files\weird-engine\ECS\Systems</Filter>
    </ClInclude>
    <ClInclude Include="src\weird-engine\ResourceManager.h">
      <Filter>Header Files\weird-engine\ECS\Systems</Filter>
    </ClInclude>
    <ClInclude Include="src\weird-engine\ecs\Systems\SDFRenderSystem.h">
      <Filter>Header Files\weird-engine\ECS\Systems</Filter>
    </ClInclude>
    <ClInclude Include="src\weird-engine\ecs\Components\LogicComponent.h">
      <Filter>Header Files\weird-engine\ECS\Components</Filter>
    </ClInclude>
    <ClInclude Include="src\WeirdEngine.h">
      <Filter>Header Files</Filter>
    </ClInclude>
    <ClInclude Include="src\weird-engine\SceneManager.h">
      <Filter>Header Files\weird-engine</Filter>
    </ClInclude>
    <ClInclude Include="src\weird-physics\CollisionDetection\Octree.h">
      <Filter>Header Files</Filter>
    </ClInclude>
    <ClInclude Include="src\weird-physics\Simulation2D.h">
      <Filter>Header Files</Filter>
    </ClInclude>
    <ClInclude Include="src\weird-engine\ecs\Systems\SDFRenderSystem2D.h">
      <Filter>Header Files</Filter>
    </ClInclude>
    <ClInclude Include="src\weird-engine\ecs\Systems\PhysicsSystem2D.h">
      <Filter>Header Files</Filter>
    </ClInclude>
    <ClInclude Include="src\weird-physics\CollisionDetection\UniformGrid2D.h">
      <Filter>Header Files</Filter>
    </ClInclude>
    <ClInclude Include="src\weird-renderer\Shape2D.h">
      <Filter>Header Files</Filter>
    </ClInclude>
    <ClInclude Include="src\weird-engine\ecs\Components\Camera.h">
      <Filter>Header Files</Filter>
    </ClInclude>
    <ClInclude Include="src\weird-engine\ecs\Systems\CameraSystem.h">
      <Filter>Header Files</Filter>
    </ClInclude>
    <ClInclude Include="src\weird-engine\ecs\Components\FlyMovement2D.h">
      <Filter>Header Files</Filter>
    </ClInclude>
    <ClInclude Include="src\weird-engine\ecs\Components\FlyMovement.h">
      <Filter>Header Files</Filter>
    </ClInclude>
    <ClInclude Include="src\weird-physics\CollisionDetection\DynamicAABBTree2D.h">
      <Filter>Header Files\weird-physics</Filter>
    </ClInclude>
    <ClInclude Include="src\weird-engine\ecs\Systems\PhysicsInteractionSystem.h">
      <Filter>Header Files\weird-engine\ECS\Systems</Filter>
    </ClInclude>
    <ClInclude Include="src\weird-engine\ecs\Systems\PlayerMovementSystem.h">
      <Filter>Header Files\weird-engine\ECS\Systems</Filter>
    </ClInclude>
    <ClInclude Include="Libraries\include\stb\stb_image_write.h">
      <Filter>Header Files</Filter>
    </ClInclude>
    <ClInclude Include="src\weird-engine\ecs\Components\CustomShape.h">
      <Filter>Header Files</Filter>
    </ClInclude>
    <ClInclude Include="src\weird-engine\math\MathExpressions.h">
      <Filter>Header Files</Filter>
    </ClInclude>
    <ClInclude Include="src\weird-engine\math\MathExpressionSerialzation.h">
      <Filter>Header Files</Filter>
    </ClInclude>
  </ItemGroup>
  <ItemGroup>
    <None Include="src\weird-renderer\shaders\default.frag">
      <Filter>Source Files\weird-renderer\Shaders</Filter>
    </None>
    <None Include="src\weird-renderer\shaders\default.vert">
      <Filter>Source Files\weird-renderer\Shaders</Filter>
    </None>
    <None Include="src\weird-renderer\shaders\raymarching.frag">
      <Filter>Source Files\weird-renderer\Shaders</Filter>
    </None>
    <None Include="src\weird-renderer\shaders\raymarching.vert">
      <Filter>Source Files\weird-renderer\Shaders</Filter>
    </None>
    <None Include="src\weird-renderer\shaders\hg_sdf.glsl">
      <Filter>Source Files\weird-renderer\Shaders</Filter>
    </None>
    <None Include="src\weird-renderer\shaders\default_instancing.vert">
      <Filter>Source Files\weird-renderer\Shaders</Filter>
    </None>
    <None Include="src\weird-renderer\shaders\output.frag">
      <Filter>Source Files\weird-renderer\Shaders</Filter>
    </None>
    <None Include="SampleProject\project.weird" />
    <None Include="SampleProject\Scenes\SampleScene.scene" />
    <None Include="SampleProject\Scenes\EmptyScene.scene" />
    <None Include="src\weird-renderer\shaders\raymarching2d.frag" />
  </ItemGroup>
</Project>